
Microsoft Visual Studio Solution File, Format Version 12.00
# Visual Studio Version 16
VisualStudioVersion = 16.0.29519.87
MinimumVisualStudioVersion = 10.0.40219.1
Project("{FAE04EC0-301F-11D3-BF4B-00C04F79EFBC}") = "RanorexReportPortalLogger", "RanorexReportPortalLogger.csproj", "{67E8C10E-D432-4E03-B5B9-AA628A31F8FC}"
EndProject
Global
	GlobalSection(SolutionConfigurationPlatforms) = preSolution
		Debug|Any CPU = Debug|Any CPU
		Release|Any CPU = Release|Any CPU
	EndGlobalSection
	GlobalSection(ProjectConfigurationPlatforms) = postSolution
		{67E8C10E-D432-4E03-B5B9-AA628A31F8FC}.Debug|Any CPU.ActiveCfg = Debug|Any CPU
		{67E8C10E-D432-4E03-B5B9-AA628A31F8FC}.Debug|Any CPU.Build.0 = Debug|Any CPU
		{67E8C10E-D432-4E03-B5B9-AA628A31F8FC}.Release|Any CPU.ActiveCfg = Release|Any CPU
		{67E8C10E-D432-4E03-B5B9-AA628A31F8FC}.Release|Any CPU.Build.0 = Release|Any CPU
	EndGlobalSection
	GlobalSection(SolutionProperties) = preSolution
		HideSolutionNode = FALSE
	EndGlobalSection
	GlobalSection(ExtensibilityGlobals) = postSolution
		SolutionGuid = {F7D35E98-B084-4D39-9481-71EE4DFC8530}
	EndGlobalSection
EndGlobal
